
Microsoft Visual Studio Solution File, Format Version 12.00
# Visual Studio Version 17
VisualStudioVersion = 17.8.34408.163
MinimumVisualStudioVersion = 15.0.26124.0
Project("{2150E333-8FDC-42A3-9474-1A3956D46DE8}") = "src", "src", "{C0192DBD-4673-4573-BF61-FD0B4EFB7D11}"
EndProject
Project("{9A19103F-16F7-4668-BE54-9A1E7A4F7556}") = "Codenizer.HttpClient.Testable", "src\Codenizer.HttpClient.Testable\Codenizer.HttpClient.Testable.csproj", "{CDCAE294-2AE2-4384-84AC-31DE18E095D2}"
EndProject
Project("{2150E333-8FDC-42A3-9474-1A3956D46DE8}") = "test", "test", "{F761F081-0182-4511-BAE1-57A351175020}"
EndProject
Project("{9A19103F-16F7-4668-BE54-9A1E7A4F7556}") = "Codenizer.HttpClient.Testable.Tests.Unit", "test\Codenizer.HttpClient.Testable.Tests.Unit\Codenizer.HttpClient.Testable.Tests.Unit.csproj", "{0A28E5CE-0EDC-490A-8D28-34C79EA7D8DA}"
EndProject
Project("{2150E333-8FDC-42A3-9474-1A3956D46DE8}") = "Solution Items", "Solution Items", "{61B5BDEC-5FE6-4196-A6A0-566E9012E2A9}"
	ProjectSection(SolutionItems) = preProject
		Changelog.md = Changelog.md
		Directory.Build.props = Directory.Build.props
		Directory.Packages.props = Directory.Packages.props
		README.md = README.md
	EndProjectSection
EndProject
Project("{2150E333-8FDC-42A3-9474-1A3956D46DE8}") = ".github", ".github", "{8A5D3F82-D123-4134-82FD-FED4C582B6F6}"
	ProjectSection(SolutionItems) = preProject
		.github\dependabot.yml = .github\dependabot.yml
		.github\FUNDING.yml = .github\FUNDING.yml
	EndProjectSection
EndProject
Project("{2150E333-8FDC-42A3-9474-1A3956D46DE8}") = "workflows", "workflows", "{968A65B7-FF9A-4A8B-B415-9C1C2D451B3F}"
	ProjectSection(SolutionItems) = preProject
		.github\workflows\build-and-test.yml = .github\workflows\build-and-test.yml
		.github\workflows\pre_release.yaml = .github\workflows\pre_release.yaml
		.github\workflows\release.yml = .github\workflows\release.yml
	EndProjectSection
EndProject
Global
	GlobalSection(SolutionConfigurationPlatforms) = preSolution
		Debug|Any CPU = Debug|Any CPU
		Debug|x64 = Debug|x64
		Debug|x86 = Debug|x86
		Release|Any CPU = Release|Any CPU
		Release|x64 = Release|x64
		Release|x86 = Release|x86
	EndGlobalSection
	GlobalSection(ProjectConfigurationPlatforms) = postSolution
		{CDCAE294-2AE2-4384-84AC-31DE18E095D2}.Debug|Any CPU.ActiveCfg = Debug|Any CPU
		{CDCAE294-2AE2-4384-84AC-31DE18E095D2}.Debug|Any CPU.Build.0 = Debug|Any CPU
		{CDCAE294-2AE2-4384-84AC-31DE18E095D2}.Debug|x64.ActiveCfg = Debug|Any CPU
		{CDCAE294-2AE2-4384-84AC-31DE18E095D2}.Debug|x64.Build.0 = Debug|Any CPU
		{CDCAE294-2AE2-4384-84AC-31DE18E095D2}.Debug|x86.ActiveCfg = Debug|Any CPU
		{CDCAE294-2AE2-4384-84AC-31DE18E095D2}.Debug|x86.Build.0 = Debug|Any CPU
		{CDCAE294-2AE2-4384-84AC-31DE18E095D2}.Release|Any CPU.ActiveCfg = Release|Any CPU
		{CDCAE294-2AE2-4384-84AC-31DE18E095D2}.Release|Any CPU.Build.0 = Release|Any CPU
		{CDCAE294-2AE2-4384-84AC-31DE18E095D2}.Release|x64.ActiveCfg = Release|Any CPU
		{CDCAE294-2AE2-4384-84AC-31DE18E095D2}.Release|x64.Build.0 = Release|Any CPU
		{CDCAE294-2AE2-4384-84AC-31DE18E095D2}.Release|x86.ActiveCfg = Release|Any CPU
		{CDCAE294-2AE2-4384-84AC-31DE18E095D2}.Release|x86.Build.0 = Release|Any CPU
		{0A28E5CE-0EDC-490A-8D28-34C79EA7D8DA}.Debug|Any CPU.ActiveCfg = Debug|Any CPU
		{0A28E5CE-0EDC-490A-8D28-34C79EA7D8DA}.Debug|Any CPU.Build.0 = Debug|Any CPU
		{0A28E5CE-0EDC-490A-8D28-34C79EA7D8DA}.Debug|x64.ActiveCfg = Debug|Any CPU
		{0A28E5CE-0EDC-490A-8D28-34C79EA7D8DA}.Debug|x64.Build.0 = Debug|Any CPU
		{0A28E5CE-0EDC-490A-8D28-34C79EA7D8DA}.Debug|x86.ActiveCfg = Debug|Any CPU
		{0A28E5CE-0EDC-490A-8D28-34C79EA7D8DA}.Debug|x86.Build.0 = Debug|Any CPU
		{0A28E5CE-0EDC-490A-8D28-34C79EA7D8DA}.Release|Any CPU.ActiveCfg = Release|Any CPU
		{0A28E5CE-0EDC-490A-8D28-34C79EA7D8DA}.Release|Any CPU.Build.0 = Release|Any CPU
		{0A28E5CE-0EDC-490A-8D28-34C79EA7D8DA}.Release|x64.ActiveCfg = Release|Any CPU
		{0A28E5CE-0EDC-490A-8D28-34C79EA7D8DA}.Release|x64.Build.0 = Release|Any CPU
		{0A28E5CE-0EDC-490A-8D28-34C79EA7D8DA}.Release|x86.ActiveCfg = Release|Any CPU
		{0A28E5CE-0EDC-490A-8D28-34C79EA7D8DA}.Release|x86.Build.0 = Release|Any CPU
	EndGlobalSection
	GlobalSection(SolutionProperties) = preSolution
		HideSolutionNode = FALSE
	EndGlobalSection
	GlobalSection(NestedProjects) = preSolution
		{CDCAE294-2AE2-4384-84AC-31DE18E095D2} = {C0192DBD-4673-4573-BF61-FD0B4EFB7D11}
		{0A28E5CE-0EDC-490A-8D28-34C79EA7D8DA} = {F761F081-0182-4511-BAE1-57A351175020}
		{968A65B7-FF9A-4A8B-B415-9C1C2D451B3F} = {8A5D3F82-D123-4134-82FD-FED4C582B6F6}
	EndGlobalSection
	GlobalSection(ExtensibilityGlobals) = postSolution
		SolutionGuid = {1B1E1F5F-E61E-406A-BC8F-ED67E04D7987}
	EndGlobalSection
EndGlobal
